// !$*UTF8*$!
{
	archiveVersion = 1;
	classes = {
	};
	objectVersion = 56;
	objects = {

/* Begin PBXBuildFile section */
		CC64021E2BF2A5B900D9C055 /* AppFirstApp.swift in Sources */ = {isa = PBXBuildFile; fileRef = CC64021D2BF2A5B900D9C055 /* AppFirstApp.swift */; };
		CC6402202BF2A5B900D9C055 /* ContentView.swift in Sources */ = {isa = PBXBuildFile; fileRef = CC64021F2BF2A5B900D9C055 /* ContentView.swift */; };
		CC6402222BF2A5BA00D9C055 /* Assets.xcassets in Resources */ = {isa = PBXBuildFile; fileRef = CC6402212BF2A5BA00D9C055 /* Assets.xcassets */; };
		CC6402262BF2A5BA00D9C055 /* Preview Assets.xcassets in Resources */ = {isa = PBXBuildFile; fileRef = CC6402252BF2A5BA00D9C055 /* Preview Assets.xcassets */; };
		CC6402302BF2A5BB00D9C055 /* AppFirstTests.swift in Sources */ = {isa = PBXBuildFile; fileRef = CC64022F2BF2A5BB00D9C055 /* AppFirstTests.swift */; };
		CC64023A2BF2A5BB00D9C055 /* AppFirstUITests.swift in Sources */ = {isa = PBXBuildFile; fileRef = CC6402392BF2A5BB00D9C055 /* AppFirstUITests.swift */; };
		CC64023C2BF2A5BB00D9C055 /* AppFirstUITestsLaunchTests.swift in Sources */ = {isa = PBXBuildFile; fileRef = CC64023B2BF2A5BB00D9C055 /* AppFirstUITestsLaunchTests.swift */; };
/* End PBXBuildFile section */

/* Begin PBXContainerItemProxy section */
		CC64022C2BF2A5BB00D9C055 /* PBXContainerItemProxy */ = {
			isa = PBXContainerItemProxy;
			containerPortal = CC6402122BF2A5B900D9C055 /* Project object */;
			proxyType = 1;
			remoteGlobalIDString = CC6402192BF2A5B900D9C055;
			remoteInfo = AppFirst;
		};
		CC6402362BF2A5BB00D9C055 /* PBXContainerItemProxy */ = {
			isa = PBXContainerItemProxy;
			containerPortal = CC6402122BF2A5B900D9C055 /* Project object */;
			proxyType = 1;
			remoteGlobalIDString = CC6402192BF2A5B900D9C055;
			remoteInfo = AppFirst;
		};
/* End PBXContainerItemProxy section */

/* Begin PBXFileReference section */
		CC64021A2BF2A5B900D9C055 /* AppFirst.app */ = {isa = PBXFileReference; explicitFileType = wrapper.application; includeInIndex = 0; path = AppFirst.app; sourceTree = BUILT_PRODUCTS_DIR; };
		CC64021D2BF2A5B900D9C055 /* AppFirstApp.swift */ = {isa = PBXFileReference; lastKnownFileType = sourcecode.swift; path = AppFirstApp.swift; sourceTree = "<group>"; };
		CC64021F2BF2A5B900D9C055 /* ContentView.swift */ = {isa = PBXFileReference; lastKnownFileType = sourcecode.swift; path = ContentView.swift; sourceTree = "<group>"; };
		CC6402212BF2A5BA00D9C055 /* Assets.xcassets */ = {isa = PBXFileReference; lastKnownFileType = folder.assetcatalog; path = Assets.xcassets; sourceTree = "<group>"; };
		CC6402232BF2A5BA00D9C055 /* AppFirst.entitlements */ = {isa = PBXFileReference; lastKnownFileType = text.plist.entitlements; path = AppFirst.entitlements; sourceTree = "<group>"; };
		CC6402252BF2A5BA00D9C055 /* Preview Assets.xcassets */ = {isa = PBXFileReference; lastKnownFileType = folder.assetcatalog; path = "Preview Assets.xcassets"; sourceTree = "<group>"; };
		CC64022B2BF2A5BB00D9C055 /* AppFirstTests.xctest */ = {isa = PBXFileReference; explicitFileType = wrapper.cfbundle; includeInIndex = 0; path = AppFirstTests.xctest; sourceTree = BUILT_PRODUCTS_DIR; };
		CC64022F2BF2A5BB00D9C055 /* AppFirstTests.swift */ = {isa = PBXFileReference; lastKnownFileType = sourcecode.swift; path = AppFirstTests.swift; sourceTree = "<group>"; };
		CC6402352BF2A5BB00D9C055 /* AppFirstUITests.xctest */ = {isa = PBXFileReference; explicitFileType = wrapper.cfbundle; includeInIndex = 0; path = AppFirstUITests.xctest; sourceTree = BUILT_PRODUCTS_DIR; };
		CC6402392BF2A5BB00D9C055 /* AppFirstUITests.swift */ = {isa = PBXFileReference; lastKnownFileType = sourcecode.swift; path = AppFirstUITests.swift; sourceTree = "<group>"; };
		CC64023B2BF2A5BB00D9C055 /* AppFirstUITestsLaunchTests.swift */ = {isa = PBXFileReference; lastKnownFileType = sourcecode.swift; path = AppFirstUITestsLaunchTests.swift; sourceTree = "<group>"; };
/* End PBXFileReference section */

/* Begin PBXFrameworksBuildPhase section */
		CC6402172BF2A5B900D9C055 /* Frameworks */ = {
			isa = PBXFrameworksBuildPhase;
			buildActionMask = 2147483647;
			files = (
			);
			runOnlyForDeploymentPostprocessing = 0;
		};
		CC6402282BF2A5BB00D9C055 /* Frameworks */ = {
			isa = PBXFrameworksBuildPhase;
			buildActionMask = 2147483647;
			files = (
			);
			runOnlyForDeploymentPostprocessing = 0;
		};
		CC6402322BF2A5BB00D9C055 /* Frameworks */ = {
			isa = PBXFrameworksBuildPhase;
			buildActionMask = 2147483647;
			files = (
			);
			runOnlyForDeploymentPostprocessing = 0;
		};
/* End PBXFrameworksBuildPhase section */

/* Begin PBXGroup section */
		CC6402112BF2A5B900D9C055 = {
			isa = PBXGroup;
			children = (
				CC64021C2BF2A5B900D9C055 /* AppFirst */,
				CC64022E2BF2A5BB00D9C055 /* AppFirstTests */,
				CC6402382BF2A5BB00D9C055 /* AppFirstUITests */,
				CC64021B2BF2A5B900D9C055 /* Products */,
			);
			sourceTree = "<group>";
		};
		CC64021B2BF2A5B900D9C055 /* Products */ = {
			isa = PBXGroup;
			children = (
				CC64021A2BF2A5B900D9C055 /* AppFirst.app */,
				CC64022B2BF2A5BB00D9C055 /* AppFirstTests.xctest */,
				CC6402352BF2A5BB00D9C055 /* AppFirstUITests.xctest */,
			);
			name = Products;
			sourceTree = "<group>";
		};
		CC64021C2BF2A5B900D9C055 /* AppFirst */ = {
			isa = PBXGroup;
			children = (
				CC64021D2BF2A5B900D9C055 /* AppFirstApp.swift */,
				CC64021F2BF2A5B900D9C055 /* ContentView.swift */,
				CC6402212BF2A5BA00D9C055 /* Assets.xcassets */,
				CC6402232BF2A5BA00D9C055 /* AppFirst.entitlements */,
				CC6402242BF2A5BA00D9C055 /* Preview Content */,
			);
			path = AppFirst;
			sourceTree = "<group>";
		};
		CC6402242BF2A5BA00D9C055 /* Preview Content */ = {
			isa = PBXGroup;
			children = (
				CC6402252BF2A5BA00D9C055 /* Preview Assets.xcassets */,
			);
			path = "Preview Content";
			sourceTree = "<group>";
		};
		CC64022E2BF2A5BB00D9C055 /* AppFirstTests */ = {
			isa = PBXGroup;
			children = (
				CC64022F2BF2A5BB00D9C055 /* AppFirstTests.swift */,
			);
			path = AppFirstTests;
			sourceTree = "<group>";
		};
		CC6402382BF2A5BB00D9C055 /* AppFirstUITests */ = {
			isa = PBXGroup;
			children = (
				CC6402392BF2A5BB00D9C055 /* AppFirstUITests.swift */,
				CC64023B2BF2A5BB00D9C055 /* AppFirstUITestsLaunchTests.swift */,
			);
			path = AppFirstUITests;
			sourceTree = "<group>";
		};
/* End PBXGroup section */

/* Begin PBXNativeTarget section */
		CC6402192BF2A5B900D9C055 /* AppFirst */ = {
			isa = PBXNativeTarget;
			buildConfigurationList = CC64023F2BF2A5BB00D9C055 /* Build configuration list for PBXNativeTarget "AppFirst" */;
			buildPhases = (
				CC6402162BF2A5B900D9C055 /* Sources */,
				CC6402172BF2A5B900D9C055 /* Frameworks */,
				CC6402182BF2A5B900D9C055 /* Resources */,
			);
			buildRules = (
			);
			dependencies = (
			);
			name = AppFirst;
			productName = AppFirst;
			productReference = CC64021A2BF2A5B900D9C055 /* AppFirst.app */;
			productType = "com.apple.product-type.application";
		};
		CC64022A2BF2A5BB00D9C055 /* AppFirstTests */ = {
			isa = PBXNativeTarget;
			buildConfigurationList = CC6402422BF2A5BB00D9C055 /* Build configuration list for PBXNativeTarget "AppFirstTests" */;
			buildPhases = (
				CC6402272BF2A5BB00D9C055 /* Sources */,
				CC6402282BF2A5BB00D9C055 /* Frameworks */,
				CC6402292BF2A5BB00D9C055 /* Resources */,
			);
			buildRules = (
			);
			dependencies = (
				CC64022D2BF2A5BB00D9C055 /* PBXTargetDependency */,
			);
			name = AppFirstTests;
			productName = AppFirstTests;
			productReference = CC64022B2BF2A5BB00D9C055 /* AppFirstTests.xctest */;
			productType = "com.apple.product-type.bundle.unit-test";
		};
		CC6402342BF2A5BB00D9C055 /* AppFirstUITests */ = {
			isa = PBXNativeTarget;
			buildConfigurationList = CC6402452BF2A5BB00D9C055 /* Build configuration list for PBXNativeTarget "AppFirstUITests" */;
			buildPhases = (
				CC6402312BF2A5BB00D9C055 /* Sources */,
				CC6402322BF2A5BB00D9C055 /* Frameworks */,
				CC6402332BF2A5BB00D9C055 /* Resources */,
			);
			buildRules = (
			);
			dependencies = (
				CC6402372BF2A5BB00D9C055 /* PBXTargetDependency */,
			);
			name = AppFirstUITests;
			productName = AppFirstUITests;
			productReference = CC6402352BF2A5BB00D9C055 /* AppFirstUITests.xctest */;
			productType = "com.apple.product-type.bundle.ui-testing";
		};
/* End PBXNativeTarget section */

/* Begin PBXProject section */
		CC6402122BF2A5B900D9C055 /* Project object */ = {
			isa = PBXProject;
			attributes = {
				BuildIndependentTargetsInParallel = 1;
				LastSwiftUpdateCheck = 1530;
				LastUpgradeCheck = 1530;
				TargetAttributes = {
					CC6402192BF2A5B900D9C055 = {
						CreatedOnToolsVersion = 15.3;
					};
					CC64022A2BF2A5BB00D9C055 = {
						CreatedOnToolsVersion = 15.3;
						TestTargetID = CC6402192BF2A5B900D9C055;
					};
					CC6402342BF2A5BB00D9C055 = {
						CreatedOnToolsVersion = 15.3;
						TestTargetID = CC6402192BF2A5B900D9C055;
					};
				};
			};
			buildConfigurationList = CC6402152BF2A5B900D9C055 /* Build configuration list for PBXProject "AppFirst" */;
			compatibilityVersion = "Xcode 14.0";
			developmentRegion = en;
			hasScannedForEncodings = 0;
			knownRegions = (
				en,
				Base,
			);
			mainGroup = CC6402112BF2A5B900D9C055;
			productRefGroup = CC64021B2BF2A5B900D9C055 /* Products */;
			projectDirPath = "";
			projectRoot = "";
			targets = (
				CC6402192BF2A5B900D9C055 /* AppFirst */,
				CC64022A2BF2A5BB00D9C055 /* AppFirstTests */,
				CC6402342BF2A5BB00D9C055 /* AppFirstUITests */,
			);
		};
/* End PBXProject section */

/* Begin PBXResourcesBuildPhase section */
		CC6402182BF2A5B900D9C055 /* Resources */ = {
			isa = PBXResourcesBuildPhase;
			buildActionMask = 2147483647;
			files = (
				CC6402262BF2A5BA00D9C055 /* Preview Assets.xcassets in Resources */,
				CC6402222BF2A5BA00D9C055 /* Assets.xcassets in Resources */,
			);
			runOnlyForDeploymentPostprocessing = 0;
		};
		CC6402292BF2A5BB00D9C055 /* Resources */ = {
			isa = PBXResourcesBuildPhase;
			buildActionMask = 2147483647;
			files = (
			);
			runOnlyForDeploymentPostprocessing = 0;
		};
		CC6402332BF2A5BB00D9C055 /* Resources */ = {
			isa = PBXResourcesBuildPhase;
			buildActionMask = 2147483647;
			files = (
			);
			runOnlyForDeploymentPostprocessing = 0;
		};
/* End PBXResourcesBuildPhase section */

/* Begin PBXSourcesBuildPhase section */
		CC6402162BF2A5B900D9C055 /* Sources */ = {
			isa = PBXSourcesBuildPhase;
			buildActionMask = 2147483647;
			files = (
				CC6402202BF2A5B900D9C055 /* ContentView.swift in Sources */,
				CC64021E2BF2A5B900D9C055 /* AppFirstApp.swift in Sources */,
			);
			runOnlyForDeploymentPostprocessing = 0;
		};
		CC6402272BF2A5BB00D9C055 /* Sources */ = {
			isa = PBXSourcesBuildPhase;
			buildActionMask = 2147483647;
			files = (
				CC6402302BF2A5BB00D9C055 /* AppFirstTests.swift in Sources */,
			);
			runOnlyForDeploymentPostprocessing = 0;
		};
		CC6402312BF2A5BB00D9C055 /* Sources */ = {
			isa = PBXSourcesBuildPhase;
			buildActionMask = 2147483647;
			files = (
				CC64023C2BF2A5BB00D9C055 /* AppFirstUITestsLaunchTests.swift in Sources */,
				CC64023A2BF2A5BB00D9C055 /* AppFirstUITests.swift in Sources */,
			);
			runOnlyForDeploymentPostprocessing = 0;
		};
/* End PBXSourcesBuildPhase section */

/* Begin PBXTargetDependency section */
		CC64022D2BF2A5BB00D9C055 /* PBXTargetDependency */ = {
			isa = PBXTargetDependency;
			target = CC6402192BF2A5B900D9C055 /* AppFirst */;
			targetProxy = CC64022C2BF2A5BB00D9C055 /* PBXContainerItemProxy */;
		};
		CC6402372BF2A5BB00D9C055 /* PBXTargetDependency */ = {
			isa = PBXTargetDependency;
			target = CC6402192BF2A5B900D9C055 /* AppFirst */;
			targetProxy = CC6402362BF2A5BB00D9C055 /* PBXContainerItemProxy */;
		};
/* End PBXTargetDependency section */

/* Begin XCBuildConfiguration section */
		CC64023D2BF2A5BB00D9C055 /* Debug */ = {
			isa = XCBuildConfiguration;
			buildSettings = {
				ALWAYS_SEARCH_USER_PATHS = NO;
				ASSETCATALOG_COMPILER_GENERATE_SWIFT_ASSET_SYMBOL_EXTENSIONS = YES;
				CLANG_ANALYZER_NONNULL = YES;
				CLANG_ANALYZER_NUMBER_OBJECT_CONVERSION = YES_AGGRESSIVE;
				CLANG_CXX_LANGUAGE_STANDARD = "gnu++20";
				CLANG_ENABLE_MODULES = YES;
				CLANG_ENABLE_OBJC_ARC = YES;
				CLANG_ENABLE_OBJC_WEAK = YES;
				CLANG_WARN_BLOCK_CAPTURE_AUTORELEASING = YES;
				CLANG_WARN_BOOL_CONVERSION = YES;
				CLANG_WARN_COMMA = YES;
				CLANG_WARN_CONSTANT_CONVERSION = YES;
				CLANG_WARN_DEPRECATED_OBJC_IMPLEMENTATIONS = YES;
				CLANG_WARN_DIRECT_OBJC_ISA_USAGE = YES_ERROR;
				CLANG_WARN_DOCUMENTATION_COMMENTS = YES;
				CLANG_WARN_EMPTY_BODY = YES;
				CLANG_WARN_ENUM_CONVERSION = YES;
				CLANG_WARN_INFINITE_RECURSION = YES;
				CLANG_WARN_INT_CONVERSION = YES;
				CLANG_WARN_NON_LITERAL_NULL_CONVERSION = YES;
				CLANG_WARN_OBJC_IMPLICIT_RETAIN_SELF = YES;
				CLANG_WARN_OBJC_LITERAL_CONVERSION = YES;
				CLANG_WARN_OBJC_ROOT_CLASS = YES_ERROR;
				CLANG_WARN_QUOTED_INCLUDE_IN_FRAMEWORK_HEADER = YES;
				CLANG_WARN_RANGE_LOOP_ANALYSIS = YES;
				CLANG_WARN_STRICT_PROTOTYPES = YES;
				CLANG_WARN_SUSPICIOUS_MOVE = YES;
				CLANG_WARN_UNGUARDED_AVAILABILITY = YES_AGGRESSIVE;
				CLANG_WARN_UNREACHABLE_CODE = YES;
				CLANG_WARN__DUPLICATE_METHOD_MATCH = YES;
				COPY_PHASE_STRIP = NO;
				DEBUG_INFORMATION_FORMAT = dwarf;
				ENABLE_STRICT_OBJC_MSGSEND = YES;
				ENABLE_TESTABILITY = YES;
				ENABLE_USER_SCRIPT_SANDBOXING = YES;
				GCC_C_LANGUAGE_STANDARD = gnu17;
				GCC_DYNAMIC_NO_PIC = NO;
				GCC_NO_COMMON_BLOCKS = YES;
				GCC_OPTIMIZATION_LEVEL = 0;
				GCC_PREPROCESSOR_DEFINITIONS = (
					"DEBUG=1",
					"$(inherited)",
				);
				GCC_WARN_64_TO_32_BIT_CONVERSION = YES;
				GCC_WARN_ABOUT_RETURN_TYPE = YES_ERROR;
				GCC_WARN_UNDECLARED_SELECTOR = YES;
				GCC_WARN_UNINITIALIZED_AUTOS = YES_AGGRESSIVE;
				GCC_WARN_UNUSED_FUNCTION = YES;
				GCC_WARN_UNUSED_VARIABLE = YES;
				LOCALIZATION_PREFERS_STRING_CATALOGS = YES;
				MTL_ENABLE_DEBUG_INFO = INCLUDE_SOURCE;
				MTL_FAST_MATH = YES;
				ONLY_ACTIVE_ARCH = YES;
				SWIFT_ACTIVE_COMPILATION_CONDITIONS = "DEBUG $(inherited)";
				SWIFT_OPTIMIZATION_LEVEL = "-Onone";
			};
			name = Debug;
		};
		CC64023E2BF2A5BB00D9C055 /* Release */ = {
			isa = XCBuildConfiguration;
			buildSettings = {
				ALWAYS_SEARCH_USER_PATHS = NO;
				ASSETCATALOG_COMPILER_GENERATE_SWIFT_ASSET_SYMBOL_EXTENSIONS = YES;
				CLANG_ANALYZER_NONNULL = YES;
				CLANG_ANALYZER_NUMBER_OBJECT_CONVERSION = YES_AGGRESSIVE;
				CLANG_CXX_LANGUAGE_STANDARD = "gnu++20";
				CLANG_ENABLE_MODULES = YES;
				CLANG_ENABLE_OBJC_ARC = YES;
				CLANG_ENABLE_OBJC_WEAK = YES;
				CLANG_WARN_BLOCK_CAPTURE_AUTORELEASING = YES;
				CLANG_WARN_BOOL_CONVERSION = YES;
				CLANG_WARN_COMMA = YES;
				CLANG_WARN_CONSTANT_CONVERSION = YES;
				CLANG_WARN_DEPRECATED_OBJC_IMPLEMENTATIONS = YES;
				CLANG_WARN_DIRECT_OBJC_ISA_USAGE = YES_ERROR;
				CLANG_WARN_DOCUMENTATION_COMMENTS = YES;
				CLANG_WARN_EMPTY_BODY = YES;
				CLANG_WARN_ENUM_CONVERSION = YES;
				CLANG_WARN_INFINITE_RECURSION = YES;
				CLANG_WARN_INT_CONVERSION = YES;
				CLANG_WARN_NON_LITERAL_NULL_CONVERSION = YES;
				CLANG_WARN_OBJC_IMPLICIT_RETAIN_SELF = YES;
				CLANG_WARN_OBJC_LITERAL_CONVERSION = YES;
				CLANG_WARN_OBJC_ROOT_CLASS = YES_ERROR;
				CLANG_WARN_QUOTED_INCLUDE_IN_FRAMEWORK_HEADER = YES;
				CLANG_WARN_RANGE_LOOP_ANALYSIS = YES;
				CLANG_WARN_STRICT_PROTOTYPES = YES;
				CLANG_WARN_SUSPICIOUS_MOVE = YES;
				CLANG_WARN_UNGUARDED_AVAILABILITY = YES_AGGRESSIVE;
				CLANG_WARN_UNREACHABLE_CODE = YES;
				CLANG_WARN__DUPLICATE_METHOD_MATCH = YES;
				COPY_PHASE_STRIP = NO;
				DEBUG_INFORMATION_FORMAT = "dwarf-with-dsym";
				ENABLE_NS_ASSERTIONS = NO;
				ENABLE_STRICT_OBJC_MSGSEND = YES;
				ENABLE_USER_SCRIPT_SANDBOXING = YES;
				GCC_C_LANGUAGE_STANDARD = gnu17;
				GCC_NO_COMMON_BLOCKS = YES;
				GCC_WARN_64_TO_32_BIT_CONVERSION = YES;
				GCC_WARN_ABOUT_RETURN_TYPE = YES_ERROR;
				GCC_WARN_UNDECLARED_SELECTOR = YES;
				GCC_WARN_UNINITIALIZED_AUTOS = YES_AGGRESSIVE;
				GCC_WARN_UNUSED_FUNCTION = YES;
				GCC_WARN_UNUSED_VARIABLE = YES;
				LOCALIZATION_PREFERS_STRING_CATALOGS = YES;
				MTL_ENABLE_DEBUG_INFO = NO;
				MTL_FAST_MATH = YES;
				SWIFT_COMPILATION_MODE = wholemodule;
			};
			name = Release;
		};
		CC6402402BF2A5BB00D9C055 /* Debug */ = {
			isa = XCBuildConfiguration;
			buildSettings = {
				ASSETCATALOG_COMPILER_APPICON_NAME = AppIcon;
				ASSETCATALOG_COMPILER_GLOBAL_ACCENT_COLOR_NAME = AccentColor;
				CODE_SIGN_ENTITLEMENTS = AppFirst/AppFirst.entitlements;
				CODE_SIGN_STYLE = Automatic;
				CURRENT_PROJECT_VERSION = 1;
				DEVELOPMENT_ASSET_PATHS = "\"AppFirst/Preview Content\"";
				ENABLE_PREVIEWS = YES;
				GENERATE_INFOPLIST_FILE = YES;
				"INFOPLIST_KEY_UIApplicationSceneManifest_Generation[sdk=iphoneos*]" = YES;
				"INFOPLIST_KEY_UIApplicationSceneManifest_Generation[sdk=iphonesimulator*]" = YES;
				"INFOPLIST_KEY_UIApplicationSupportsIndirectInputEvents[sdk=iphoneos*]" = YES;
				"INFOPLIST_KEY_UIApplicationSupportsIndirectInputEvents[sdk=iphonesimulator*]" = YES;
				"INFOPLIST_KEY_UILaunchScreen_Generation[sdk=iphoneos*]" = YES;
				"INFOPLIST_KEY_UILaunchScreen_Generation[sdk=iphonesimulator*]" = YES;
				"INFOPLIST_KEY_UIStatusBarStyle[sdk=iphoneos*]" = UIStatusBarStyleDefault;
				"INFOPLIST_KEY_UIStatusBarStyle[sdk=iphonesimulator*]" = UIStatusBarStyleDefault;
				INFOPLIST_KEY_UISupportedInterfaceOrientations_iPad = "UIInterfaceOrientationPortrait UIInterfaceOrientationPortraitUpsideDown UIInterfaceOrientationLandscapeLeft UIInterfaceOrientationLandscapeRight";
				INFOPLIST_KEY_UISupportedInterfaceOrientations_iPhone = "UIInterfaceOrientationPortrait UIInterfaceOrientationLandscapeLeft UIInterfaceOrientationLandscapeRight";
				IPHONEOS_DEPLOYMENT_TARGET = 17.4;
				LD_RUNPATH_SEARCH_PATHS = "@executable_path/Frameworks";
				"LD_RUNPATH_SEARCH_PATHS[sdk=macosx*]" = "@executable_path/../Frameworks";
				MACOSX_DEPLOYMENT_TARGET = 14.4;
				MARKETING_VERSION = 1.0;
				PRODUCT_BUNDLE_IDENTIFIER = first.AppFirst;
				PRODUCT_NAME = "$(TARGET_NAME)";
				SDKROOT = auto;
				SUPPORTED_PLATFORMS = "iphoneos iphonesimulator macosx";
				SWIFT_EMIT_LOC_STRINGS = YES;
				SWIFT_VERSION = 5.0;
				TARGETED_DEVICE_FAMILY = "1,2";
			};
			name = Debug;
		};
		CC6402412BF2A5BB00D9C055 /* Release */ = {
			isa = XCBuildConfiguration;
			buildSettings = {
				ASSETCATALOG_COMPILER_APPICON_NAME = AppIcon;
				ASSETCATALOG_COMPILER_GLOBAL_ACCENT_COLOR_NAME = AccentColor;
				CODE_SIGN_ENTITLEMENTS = AppFirst/AppFirst.entitlements;
				CODE_SIGN_STYLE = Automatic;
				CURRENT_PROJECT_VERSION = 1;
				DEVELOPMENT_ASSET_PATHS = "\"AppFirst/Preview Content\"";
				ENABLE_PREVIEWS = YES;
				GENERATE_INFOPLIST_FILE = YES;
				"INFOPLIST_KEY_UIApplicationSceneManifest_Generation[sdk=iphoneos*]" = YES;
				"INFOPLIST_KEY_UIApplicationSceneManifest_Generation[sdk=iphonesimulator*]" = YES;
				"INFOPLIST_KEY_UIApplicationSupportsIndirectInputEvents[sdk=iphoneos*]" = YES;
				"INFOPLIST_KEY_UIApplicationSupportsIndirectInputEvents[sdk=iphonesimulator*]" = YES;
				"INFOPLIST_KEY_UILaunchScreen_Generation[sdk=iphoneos*]" = YES;
				"INFOPLIST_KEY_UILaunchScreen_Generation[sdk=iphonesimulator*]" = YES;
				"INFOPLIST_KEY_UIStatusBarStyle[sdk=iphoneos*]" = UIStatusBarStyleDefault;
				"INFOPLIST_KEY_UIStatusBarStyle[sdk=iphonesimulator*]" = UIStatusBarStyleDefault;
				INFOPLIST_KEY_UISupportedInterfaceOrientations_iPad = "UIInterfaceOrientationPortrait UIInterfaceOrientationPortraitUpsideDown UIInterfaceOrientationLandscapeLeft UIInterfaceOrientationLandscapeRight";
				INFOPLIST_KEY_UISupportedInterfaceOrientations_iPhone = "UIInterfaceOrientationPortrait UIInterfaceOrientationLandscapeLeft UIInterfaceOrientationLandscapeRight";
				IPHONEOS_DEPLOYMENT_TARGET = 17.4;
				LD_RUNPATH_SEARCH_PATHS = "@executable_path/Frameworks";
				"LD_RUNPATH_SEARCH_PATHS[sdk=macosx*]" = "@executable_path/../Frameworks";
				MACOSX_DEPLOYMENT_TARGET = 14.4;
				MARKETING_VERSION = 1.0;
				PRODUCT_BUNDLE_IDENTIFIER = first.AppFirst;
				PRODUCT_NAME = "$(TARGET_NAME)";
				SDKROOT = auto;
				SUPPORTED_PLATFORMS = "iphoneos iphonesimulator macosx";
				SWIFT_EMIT_LOC_STRINGS = YES;
				SWIFT_VERSION = 5.0;
				TARGETED_DEVICE_FAMILY = "1,2";
			};
			name = Release;
		};
		CC6402432BF2A5BB00D9C055 /* Debug */ = {
			isa = XCBuildConfiguration;
			buildSettings = {
				ALWAYS_EMBED_SWIFT_STANDARD_LIBRARIES = YES;
				BUNDLE_LOADER = "$(TEST_HOST)";
				CODE_SIGN_STYLE = Automatic;
				CURRENT_PROJECT_VERSION = 1;
				GENERATE_INFOPLIST_FILE = YES;
				IPHONEOS_DEPLOYMENT_TARGET = 17.4;
				MACOSX_DEPLOYMENT_TARGET = 14.4;
				MARKETING_VERSION = 1.0;
				PRODUCT_BUNDLE_IDENTIFIER = first.AppFirstTests;
				PRODUCT_NAME = "$(TARGET_NAME)";
				SDKROOT = auto;
				SUPPORTED_PLATFORMS = "iphoneos iphonesimulator macosx";
				SWIFT_EMIT_LOC_STRINGS = NO;
				SWIFT_VERSION = 5.0;
				TARGETED_DEVICE_FAMILY = "1,2";
				TEST_HOST = "$(BUILT_PRODUCTS_DIR)/AppFirst.app/$(BUNDLE_EXECUTABLE_FOLDER_PATH)/AppFirst";
			};
			name = Debug;
		};
		CC6402442BF2A5BB00D9C055 /* Release */ = {
			isa = XCBuildConfiguration;
			buildSettings = {
				ALWAYS_EMBED_SWIFT_STANDARD_LIBRARIES = YES;
				BUNDLE_LOADER = "$(TEST_HOST)";
				CODE_SIGN_STYLE = Automatic;
				CURRENT_PROJECT_VERSION = 1;
				GENERATE_INFOPLIST_FILE = YES;
				IPHONEOS_DEPLOYMENT_TARGET = 17.4;
				MACOSX_DEPLOYMENT_TARGET = 14.4;
				MARKETING_VERSION = 1.0;
				PRODUCT_BUNDLE_IDENTIFIER = first.AppFirstTests;
				PRODUCT_NAME = "$(TARGET_NAME)";
				SDKROOT = auto;
				SUPPORTED_PLATFORMS = "iphoneos iphonesimulator macosx";
				SWIFT_EMIT_LOC_STRINGS = NO;
				SWIFT_VERSION = 5.0;
				TARGETED_DEVICE_FAMILY = "1,2";
				TEST_HOST = "$(BUILT_PRODUCTS_DIR)/AppFirst.app/$(BUNDLE_EXECUTABLE_FOLDER_PATH)/AppFirst";
			};
			name = Release;
		};
		CC6402462BF2A5BB00D9C055 /* Debug */ = {
			isa = XCBuildConfiguration;
			buildSettings = {
				ALWAYS_EMBED_SWIFT_STANDARD_LIBRARIES = YES;
				CODE_SIGN_STYLE = Automatic;
				CURRENT_PROJECT_VERSION = 1;
				GENERATE_INFOPLIST_FILE = YES;
				IPHONEOS_DEPLOYMENT_TARGET = 17.4;
				MACOSX_DEPLOYMENT_TARGET = 14.4;
				MARKETING_VERSION = 1.0;
				PRODUCT_BUNDLE_IDENTIFIER = first.AppFirstUITests;
				PRODUCT_NAME = "$(TARGET_NAME)";
				SDKROOT = auto;
				SUPPORTED_PLATFORMS = "iphoneos iphonesimulator macosx";
				SWIFT_EMIT_LOC_STRINGS = NO;
				SWIFT_VERSION = 5.0;
				TARGETED_DEVICE_FAMILY = "1,2";
				TEST_TARGET_NAME = AppFirst;
			};
			name = Debug;
		};
		CC6402472BF2A5BB00D9C055 /* Release */ = {
			isa = XCBuildConfiguration;
			buildSettings = {
				ALWAYS_EMBED_SWIFT_STANDARD_LIBRARIES = YES;
				CODE_SIGN_STYLE = Automatic;
				CURRENT_PROJECT_VERSION = 1;
				GENERATE_INFOPLIST_FILE = YES;
				IPHONEOS_DEPLOYMENT_TARGET = 17.4;
				MACOSX_DEPLOYMENT_TARGET = 14.4;
				MARKETING_VERSION = 1.0;
				PRODUCT_BUNDLE_IDENTIFIER = first.AppFirstUITests;
				PRODUCT_NAME = "$(TARGET_NAME)";
				SDKROOT = auto;
				SUPPORTED_PLATFORMS = "iphoneos iphonesimulator macosx";
				SWIFT_EMIT_LOC_STRINGS = NO;
				SWIFT_VERSION = 5.0;
				TARGETED_DEVICE_FAMILY = "1,2";
				TEST_TARGET_NAME = AppFirst;
			};
			name = Release;
		};
/* End XCBuildConfiguration section */

/* Begin XCConfigurationList section */
		CC6402152BF2A5B900D9C055 /* Build configuration list for PBXProject "AppFirst" */ = {
			isa = XCConfigurationList;
			buildConfigurations = (
				CC64023D2BF2A5BB00D9C055 /* Debug */,
				CC64023E2BF2A5BB00D9C055 /* Release */,
			);
			defaultConfigurationIsVisible = 0;
			defaultConfigurationName = Release;
		};
		CC64023F2BF2A5BB00D9C055 /* Build configuration list for PBXNativeTarget "AppFirst" */ = {
			isa = XCConfigurationList;
			buildConfigurations = (
				CC6402402BF2A5BB00D9C055 /* Debug */,
				CC6402412BF2A5BB00D9C055 /* Release */,
			);
			defaultConfigurationIsVisible = 0;
			defaultConfigurationName = Release;
		};
		CC6402422BF2A5BB00D9C055 /* Build configuration list for PBXNativeTarget "AppFirstTests" */ = {
			isa = XCConfigurationList;
			buildConfigurations = (
				CC6402432BF2A5BB00D9C055 /* Debug */,
				CC6402442BF2A5BB00D9C055 /* Release */,
			);
			defaultConfigurationIsVisible = 0;
			defaultConfigurationName = Release;
		};
		CC6402452BF2A5BB00D9C055 /* Build configuration list for PBXNativeTarget "AppFirstUITests" */ = {
			isa = XCConfigurationList;
			buildConfigurations = (
				CC6402462BF2A5BB00D9C055 /* Debug */,
				CC6402472BF2A5BB00D9C055 /* Release */,
			);
			defaultConfigurationIsVisible = 0;
			defaultConfigurationName = Release;
		};
/* End XCConfigurationList section */
	};
	rootObject = CC6402122BF2A5B900D9C055 /* Project object */;
}
